
Microsoft Visual Studio Solution File, Format Version 12.00
# Visual Studio Version 17
VisualStudioVersion = 17.7.34009.444
MinimumVisualStudioVersion = 10.0.40219.1
Project("{FAE04EC0-301F-11D3-BF4B-00C04F79EFBC}") = "proyect_endmvc", "proyect_endmvc\proyect_endmvc.csproj", "{DF53D995-1242-4CF7-9431-D1118C373349}"
EndProject
Global
	GlobalSection(SolutionConfigurationPlatforms) = preSolution
		Debug|Any CPU = Debug|Any CPU
		Release|Any CPU = Release|Any CPU
	EndGlobalSection
	GlobalSection(ProjectConfigurationPlatforms) = postSolution
		{DF53D995-1242-4CF7-9431-D1118C373349}.Debug|Any CPU.ActiveCfg = Debug|Any CPU
		{DF53D995-1242-4CF7-9431-D1118C373349}.Debug|Any CPU.Build.0 = Debug|Any CPU
		{DF53D995-1242-4CF7-9431-D1118C373349}.Release|Any CPU.ActiveCfg = Release|Any CPU
		{DF53D995-1242-4CF7-9431-D1118C373349}.Release|Any CPU.Build.0 = Release|Any CPU
	EndGlobalSection
	GlobalSection(SolutionProperties) = preSolution
		HideSolutionNode = FALSE
	EndGlobalSection
	GlobalSection(ExtensibilityGlobals) = postSolution
		SolutionGuid = {BE6CDB2F-8A50-468F-AAAD-4F818FD34D16}
	EndGlobalSection
EndGlobal
